Microsoft Visual Studio Solution File, Format Version 12.00
# Visual Studio Version 17
VisualStudioVersion = 17.5.2.0
MinimumVisualStudioVersion = 10.0.40219.1
Project("{FAE04EC0-301F-11D3-BF4B-00C04F79EFBC}") = "Planning_MIS.API", "Planning_MIS.API.csproj", "{E3512957-BE23-F978-6DBD-2DCD4DAC212A}"
EndProject
Global
	GlobalSection(SolutionConfigurationPlatforms) = preSolution
		Debug|Any CPU = Debug|Any CPU
		Release|Any CPU = Release|Any CPU
	EndGlobalSection
	GlobalSection(ProjectConfigurationPlatforms) = postSolution
		{E3512957-BE23-F978-6DBD-2DCD4DAC212A}.Debug|Any CPU.ActiveCfg = Debug|Any CPU
		{E3512957-BE23-F978-6DBD-2DCD4DAC212A}.Debug|Any CPU.Build.0 = Debug|Any CPU
		{E3512957-BE23-F978-6DBD-2DCD4DAC212A}.Release|Any CPU.ActiveCfg = Release|Any CPU
		{E3512957-BE23-F978-6DBD-2DCD4DAC212A}.Release|Any CPU.Build.0 = Release|Any CPU
	EndGlobalSection
	GlobalSection(SolutionProperties) = preSolution
		HideSolutionNode = FALSE
	EndGlobalSection
	GlobalSection(ExtensibilityGlobals) = postSolution
		SolutionGuid = {79B37BAE-EE74-49E6-B9CC-902E0948E4EC}
	EndGlobalSection
EndGlobal
